PODS:
  - AccountKit (4.35.0)
  - Alamofire (4.7.3)
  - AlamofireImage (3.4.1):
    - Alamofire (~> 4.7)
  - ALCameraViewController (3.0.3)
  - Bolts (1.9.0):
    - Bolts/AppLinks (= 1.9.0)
    - Bolts/Tasks (= 1.9.0)
  - Bolts/AppLinks (1.9.0):
    - Bolts/Tasks
  - Bolts/Tasks (1.9.0)
  - DeviceUtil (5.0.0)
  - FBSDKCoreKit (4.44.1):
    - Bolts (~> 1.9)
  - FBSDKLoginKit (4.44.1):
    - FBSDKCoreKit
  - Gallery (2.2.0)
  - GoogleAPIClientForREST/Core (1.2.1):
    - GTMSessionFetcher (>= 1.1.7)
  - GoogleAPIClientForREST/Drive (1.2.1):
    - GoogleAPIClientForREST/Core
    - GTMSessionFetcher (>= 1.1.7)
  - GoogleMaps (3.0.3):
    - GoogleMaps/Maps (= 3.0.3)
  - GoogleMaps/Base (3.0.3)
  - GoogleMaps/Maps (3.0.3):
    - GoogleMaps/Base
  - GooglePlaces (3.0.3):
    - GoogleMaps/Base (= 3.0.3)
  - GoogleSignIn (4.1.2):
    - "GoogleToolboxForMac/NSDictionary+URLArguments (~> 2.1)"
    - "GoogleToolboxForMac/NSString+URLArguments (~> 2.1)"
    - GTMOAuth2 (~> 1.0)
    - GTMSessionFetcher/Core (~> 1.1)
  - GoogleToolboxForMac/DebugUtils (2.2.0):
    - GoogleToolboxForMac/Defines (= 2.2.0)
  - GoogleToolboxForMac/Defines (2.2.0)
  - "GoogleToolboxForMac/NSDictionary+URLArguments (2.2.0)":
    - GoogleToolboxForMac/DebugUtils (= 2.2.0)
    - GoogleToolboxForMac/Defines (= 2.2.0)
    - "GoogleToolboxForMac/NSString+URLArguments (= 2.2.0)"
  - "GoogleToolboxForMac/NSString+URLArguments (2.2.0)"
  - GTMOAuth2 (1.1.6):
    - GTMSessionFetcher (~> 1.1)
  - GTMSessionFetcher (1.2.1):
    - GTMSessionFetcher/Full (= 1.2.1)
  - GTMSessionFetcher/Core (1.2.1)
  - GTMSessionFetcher/Full (1.2.1):
    - GTMSessionFetcher/Core (= 1.2.1)
  - IQKeyboardManager (6.2.1)
  - PureLayout (3.1.4)
  - SDWebImage (5.0.1):
    - SDWebImage/Core (= 5.0.1)
  - SDWebImage/Core (5.0.1)
  - Socket.IO-Client-Swift (13.1.3):
    - Starscream (~> 3.0.2)
  - Starscream (3.0.6)
  - SwiftHash (2.0.2)
  - swiftScan (1.1.5)
  - SwiftyDropbox (5.0.0):
    - Alamofire (~> 4.7.3)
  - SwipeableTabBarController (2.1.0)

DEPENDENCIES:
  - AccountKit
  - Alamofire (~> 4.4)
  - AlamofireImage
  - ALCameraViewController
  - DeviceUtil
  - FBSDKLoginKit
  - Gallery
  - GoogleAPIClientForREST/Drive (~> 1.2.1)
  - GoogleMaps
  - GooglePlaces
  - GoogleSignIn (~> 4.1.1)
  - IQKeyboardManager
  - PureLayout
  - SDWebImage
  - Socket.IO-Client-Swift (~> 13.1.0)
  - SwiftHash
  - swiftScan
  - SwiftyDropbox
  - SwipeableTabBarController

SPEC REPOS:
  https://github.com/cocoapods/specs.git:
    - AccountKit
    - Alamofire
    - AlamofireImage
    - ALCameraViewController
    - Bolts
    - DeviceUtil
    - FBSDKCoreKit
    - FBSDKLoginKit
    - Gallery
    - GoogleAPIClientForREST
    - GoogleMaps
    - GooglePlaces
    - GoogleSignIn
    - GoogleToolboxForMac
    - GTMOAuth2
    - GTMSessionFetcher
    - IQKeyboardManager
    - PureLayout
    - SDWebImage
    - Socket.IO-Client-Swift
    - Starscream
    - SwiftHash
    - swiftScan
    - SwiftyDropbox
    - SwipeableTabBarController

SPEC CHECKSUMS:
  AccountKit: 870ccaf5d33facda9408783e28fbe68c5211e069
  Alamofire: c7287b6e5d7da964a70935e5db17046b7fde6568
  AlamofireImage: 78d67ccbb763d87ba44b21583d2153500a195630
  ALCameraViewController: 6398a9282057f709b87a1ecc52a83b48028ade64
  Bolts: ac6567323eac61e203f6a9763667d0f711be34c8
  DeviceUtil: effb5fd6d301a1bd42e0ac367b3391696651431e
  FBSDKCoreKit: a823ae35bdb60ebb8d7a7e51abe7c5d87d2bfced
  FBSDKLoginKit: 54ae59987f2a8703021557c90a9aebb9e5c2bef6
  Gallery: 3f4c780c4b22906d6b0a5e55d12167cdc4b4fc5b
  GoogleAPIClientForREST: a8b95a252014ce2e618df6b75dc72eca2c00b4af
  GoogleMaps: fd5c9fa58871781b9fb94d4936f19c69fe60ce32
  GooglePlaces: f09e76993c9c3ee4af8f4f7f535bb94d6aa3b649
  GoogleSignIn: d9ef55b10f0aa401a5de2747f59b725e4b9732ac
  GoogleToolboxForMac: ff31605b7d66400dcec09bed5861689aebadda4d
  GTMOAuth2: e8b6512c896235149df975c41d9a36c868ab7fba
  GTMSessionFetcher: 32aeca0aa144acea523e1c8e053089dec2cb98ca
  IQKeyboardManager: 964638372b4a61892cc74fdfa6fd26de8c9464a2
  PureLayout: f08c01b8dec00bb14a1fefa3de4c7d9c265df85e
  SDWebImage: 27dd2c9ea07a2252f94557c9fbb6105ee94b74c9
  Socket.IO-Client-Swift: d30d6fd08a38ad2a182b090936a043bf512ab2de
  Starscream: ef3ece99d765eeccb67de105bfa143f929026cf5
  SwiftHash: 6d312abe61c8359bdef8d0093642f3a70b1c17ba
  swiftScan: bc6dbf74e6a579c45a861691afc44628d8d9f6ab
  SwiftyDropbox: 378b4425a2e8d0cb24c7b0f2e3af72bfbaaf1e73
  SwipeableTabBarController: e6445066473bb548cc74f660c0ebc04d609cde67

PODFILE CHECKSUM: f1499ca29e9d2c0112aef5394e6b5f60b057bab1

COCOAPODS: 1.5.3
